# THIS IS AN AUTOGENERATED FILE. DO NOT EDIT THIS FILE DIRECTLY.
# yarn lockfile v1


fast-check@2.14.0:
  version "2.14.0"
  resolved "https://registry.yarnpkg.com/fast-check/-/fast-check-2.14.0.tgz#13e891977a7cc1ba87aa3883c75053990c02fb21"
  integrity sha512-4hm0ioyEVCwgjBLBqriwAFYu3/yc7pNH9fBfvzi6JRWRs4R3mwZwrr/d4MHbY0fTBJ0Uakg4TaMAAQ8Cnt2+KQ==
  dependencies:
    pure-rand "^4.1.1"

pure-rand@^4.1.1:
  version "4.1.1"
  resolved "https://registry.yarnpkg.com/pure-rand/-/pure-rand-4.1.1.tgz#9fca2d4af5c4e870bac337ed860977426ed17bf6"
  integrity sha512-cZw4AL/KI6aDTdqHEbJPe2ZoHM3kSdpJRLJetv8c3tfq9o+PvQDXrHNEpB0AWukAGFx4fmeOerAGwkA4rtUgdA==
